Microsoft Visual Studio Solution File, Format Version 12.00
# Visual Studio 2012
Project("{FAE04EC0-301F-11D3-BF4B-00C04F79EFBC}") = "GodotRPG", "GodotRPG.csproj", "{A0228F8B-C6F9-4DAE-A662-66583E3D573A}"
EndProject
Global
	GlobalSection(SolutionConfigurationPlatforms) = preSolution
	Debug|Any CPU = Debug|Any CPU
	ExportDebug|Any CPU = ExportDebug|Any CPU
	ExportRelease|Any CPU = ExportRelease|Any CPU
	EndGlobalSection
	GlobalSection(ProjectConfigurationPlatforms) = postSolution
		{A0228F8B-C6F9-4DAE-A662-66583E3D573A}.Debug|Any CPU.ActiveCfg = Debug|Any CPU
		{A0228F8B-C6F9-4DAE-A662-66583E3D573A}.Debug|Any CPU.Build.0 = Debug|Any CPU
		{A0228F8B-C6F9-4DAE-A662-66583E3D573A}.ExportDebug|Any CPU.ActiveCfg = ExportDebug|Any CPU
		{A0228F8B-C6F9-4DAE-A662-66583E3D573A}.ExportDebug|Any CPU.Build.0 = ExportDebug|Any CPU
		{A0228F8B-C6F9-4DAE-A662-66583E3D573A}.ExportRelease|Any CPU.ActiveCfg = ExportRelease|Any CPU
		{A0228F8B-C6F9-4DAE-A662-66583E3D573A}.ExportRelease|Any CPU.Build.0 = ExportRelease|Any CPU
	EndGlobalSection
EndGlobal
